
Microsoft Visual Studio Solution File, Format Version 12.00
# Visual Studio Version 17
VisualStudioVersion = 17.5.002.0
MinimumVisualStudioVersion = 10.0.40219.1
Project("{9A19103F-16F7-4668-BE54-9A1E7A4F7556}") = "Bernardi.Luca.5H.Ecommerce", "Bernardi.Luca.5H.Ecommerce.csproj", "{22E4064F-18F7-427E-863A-1A27292272F7}"
EndProject
Global
	GlobalSection(SolutionConfigurationPlatforms) = preSolution
		Debug|Any CPU = Debug|Any CPU
		Release|Any CPU = Release|Any CPU
	EndGlobalSection
	GlobalSection(ProjectConfigurationPlatforms) = postSolution
		{22E4064F-18F7-427E-863A-1A27292272F7}.Debug|Any CPU.ActiveCfg = Debug|Any CPU
		{22E4064F-18F7-427E-863A-1A27292272F7}.Debug|Any CPU.Build.0 = Debug|Any CPU
		{22E4064F-18F7-427E-863A-1A27292272F7}.Release|Any CPU.ActiveCfg = Release|Any CPU
		{22E4064F-18F7-427E-863A-1A27292272F7}.Release|Any CPU.Build.0 = Release|Any CPU
	EndGlobalSection
	GlobalSection(SolutionProperties) = preSolution
		HideSolutionNode = FALSE
	EndGlobalSection
	GlobalSection(ExtensibilityGlobals) = postSolution
		SolutionGuid = {83CCF262-57A4-42CC-94E7-6C1B5BF83BDE}
	EndGlobalSection
EndGlobal
