
Microsoft Visual Studio Solution File, Format Version 12.00
# Visual Studio Version 17
VisualStudioVersion = 17.5.002.0
MinimumVisualStudioVersion = 10.0.40219.1
Project("{9A19103F-16F7-4668-BE54-9A1E7A4F7556}") = "Bernardi.Luca.5H.Ecommerce", "Bernardi.Luca.5H.Ecommerce.csproj", "{CA7393BD-F439-4701-8071-A9A20BADEFEE}"
EndProject
Global
	GlobalSection(SolutionConfigurationPlatforms) = preSolution
		Debug|Any CPU = Debug|Any CPU
		Release|Any CPU = Release|Any CPU
	EndGlobalSection
	GlobalSection(ProjectConfigurationPlatforms) = postSolution
		{CA7393BD-F439-4701-8071-A9A20BADEFEE}.Debug|Any CPU.ActiveCfg = Debug|Any CPU
		{CA7393BD-F439-4701-8071-A9A20BADEFEE}.Debug|Any CPU.Build.0 = Debug|Any CPU
		{CA7393BD-F439-4701-8071-A9A20BADEFEE}.Release|Any CPU.ActiveCfg = Release|Any CPU
		{CA7393BD-F439-4701-8071-A9A20BADEFEE}.Release|Any CPU.Build.0 = Release|Any CPU
	EndGlobalSection
	GlobalSection(SolutionProperties) = preSolution
		HideSolutionNode = FALSE
	EndGlobalSection
	GlobalSection(ExtensibilityGlobals) = postSolution
		SolutionGuid = {A35928D0-F155-4259-95D8-72AD6DC21DD6}
	EndGlobalSection
EndGlobal
